
Microsoft Visual Studio Solution File, Format Version 12.00
# Visual Studio Version 17
VisualStudioVersion = 17.4.33205.214
MinimumVisualStudioVersion = 10.0.40219.1
Project("{FAE04EC0-301F-11D3-BF4B-00C04F79EFBC}") = "MastodonFollowerTimes", "MastodonFollowerTimes\MastodonFollowerTimes.csproj", "{9B5096F8-A7FF-4689-9CB9-BDBA77787260}"
EndProject
Global
	GlobalSection(SolutionConfigurationPlatforms) = preSolution
		Debug|Any CPU = Debug|Any CPU
		Release|Any CPU = Release|Any CPU
	EndGlobalSection
	GlobalSection(ProjectConfigurationPlatforms) = postSolution
		{9B5096F8-A7FF-4689-9CB9-BDBA77787260}.Debug|Any CPU.ActiveCfg = Debug|Any CPU
		{9B5096F8-A7FF-4689-9CB9-BDBA77787260}.Debug|Any CPU.Build.0 = Debug|Any CPU
		{9B5096F8-A7FF-4689-9CB9-BDBA77787260}.Release|Any CPU.ActiveCfg = Release|Any CPU
		{9B5096F8-A7FF-4689-9CB9-BDBA77787260}.Release|Any CPU.Build.0 = Release|Any CPU
	EndGlobalSection
	GlobalSection(SolutionProperties) = preSolution
		HideSolutionNode = FALSE
	EndGlobalSection
	GlobalSection(ExtensibilityGlobals) = postSolution
		SolutionGuid = {ADDCD0B1-41A9-4292-A23E-E1DA2D2BE3E9}
	EndGlobalSection
EndGlobal
